{
  "name": "weather_playslist_app",
  "lockfileVersion": 3,
  "requires": true,
  "packages": {
    "": {
      "devDependencies": {
        "@types/spotify-web-playback-sdk": "^0.1.19"
      }
    },
    "node_modules/@types/spotify-web-playback-sdk": {
      "version": "0.1.19",
      "resolved": "https://registry.npmjs.org/@types/spotify-web-playback-sdk/-/spotify-web-playback-sdk-0.1.19.tgz",
      "integrity": "sha512-Is7x9gMIMoERxE0uvb2SPFQoy5OR7nO1B24CJiaDAUIdq195OLTQedN95XJQtxB2mfm+zi2j3LvEtpPdHKnB3w==",
      "dev": true
    }
  }
}
